// !$*UTF8*$!
{
	archiveVersion = 1;
	classes = {
	};
	objectVersion = 50;
	objects = {

/* Begin PBXBuildFile section */
		A62009ED26D6376000B6662C /* MKMapRect+.swift in Sources */ = {isa = PBXBuildFile; fileRef = A62009EC26D6376000B6662C /* MKMapRect+.swift */; };
		A62009F026D6377C00B6662C /* MKMapPoint+.swift in Sources */ = {isa = PBXBuildFile; fileRef = A62009EF26D6377C00B6662C /* MKMapPoint+.swift */; };
		A62009F326D6379500B6662C /* MKOverlay+.swift in Sources */ = {isa = PBXBuildFile; fileRef = A62009F226D6379500B6662C /* MKOverlay+.swift */; };
		A62009F626D637B100B6662C /* CLLocationCoordinate2D+.swift in Sources */ = {isa = PBXBuildFile; fileRef = A62009F526D637B100B6662C /* CLLocationCoordinate2D+.swift */; };
		A648085E26D7317B00775EFF /* CityDectorTests.swift in Sources */ = {isa = PBXBuildFile; fileRef = A648085D26D7317B00775EFF /* CityDectorTests.swift */; };
		A6A33E6926D0DCB400C975B4 /* AppDelegate.swift in Sources */ = {isa = PBXBuildFile; fileRef = A6A33E6826D0DCB400C975B4 /* AppDelegate.swift */; };
		A6A33E6B26D0DCB400C975B4 /* ContentViewController.swift in Sources */ = {isa = PBXBuildFile; fileRef = A6A33E6A26D0DCB400C975B4 /* ContentViewController.swift */; };
		A6A33E6D26D0DCB900C975B4 /* Assets.xcassets in Resources */ = {isa = PBXBuildFile; fileRef = A6A33E6C26D0DCB900C975B4 /* Assets.xcassets */; };
		A6A33E7026D0DCB900C975B4 /* Preview Assets.xcassets in Resources */ = {isa = PBXBuildFile; fileRef = A6A33E6F26D0DCB900C975B4 /* Preview Assets.xcassets */; };
		A6A33E7326D0DCB900C975B4 /* Main.storyboard in Resources */ = {isa = PBXBuildFile; fileRef = A6A33E7126D0DCB900C975B4 /* Main.storyboard */; };
		A6E02C6B26D39EC9008F2FA6 /* COUNTY_MOI_1090820.geojson in Resources */ = {isa = PBXBuildFile; fileRef = A6E02C6A26D39EC8008F2FA6 /* COUNTY_MOI_1090820.geojson */; };
		B954461F29C3132A000E647A /* Country.swift in Sources */ = {isa = PBXBuildFile; fileRef = B954461E29C3132A000E647A /* Country.swift */; };
/* End PBXBuildFile section */

/* Begin PBXContainerItemProxy section */
		A648086026D7317B00775EFF /* PBXContainerItemProxy */ = {
			isa = PBXContainerItemProxy;
			containerPortal = A6A33E5D26D0DCB400C975B4 /* Project object */;
			proxyType = 1;
			remoteGlobalIDString = A6A33E6426D0DCB400C975B4;
			remoteInfo = CityDector;
		};
/* End PBXContainerItemProxy section */

/* Begin PBXFileReference section */
		A62009EC26D6376000B6662C /* MKMapRect+.swift */ = {isa = PBXFileReference; lastKnownFileType = sourcecode.swift; path = "MKMapRect+.swift"; sourceTree = "<group>"; };
		A62009EF26D6377C00B6662C /* MKMapPoint+.swift */ = {isa = PBXFileReference; lastKnownFileType = sourcecode.swift; path = "MKMapPoint+.swift"; sourceTree = "<group>"; };
		A62009F226D6379500B6662C /* MKOverlay+.swift */ = {isa = PBXFileReference; lastKnownFileType = sourcecode.swift; path = "MKOverlay+.swift"; sourceTree = "<group>"; };
		A62009F526D637B100B6662C /* CLLocationCoordinate2D+.swift */ = {isa = PBXFileReference; lastKnownFileType = sourcecode.swift; path = "CLLocationCoordinate2D+.swift"; sourceTree = "<group>"; };
		A62009F826D6395900B6662C /* README.md */ = {isa = PBXFileReference; lastKnownFileType = net.daringfireball.markdown; path = README.md; sourceTree = "<group>"; };
		A648085B26D7317B00775EFF /* CityDectorTests.xctest */ = {isa = PBXFileReference; explicitFileType = wrapper.cfbundle; includeInIndex = 0; path = CityDectorTests.xctest; sourceTree = BUILT_PRODUCTS_DIR; };
		A648085D26D7317B00775EFF /* CityDectorTests.swift */ = {isa = PBXFileReference; lastKnownFileType = sourcecode.swift; path = CityDectorTests.swift; sourceTree = "<group>"; };
		A648085F26D7317B00775EFF /* Info.plist */ = {isa = PBXFileReference; lastKnownFileType = text.plist.xml; path = Info.plist; sourceTree = "<group>"; };
		A6A33E6526D0DCB400C975B4 /* CityDector.app */ = {isa = PBXFileReference; explicitFileType = wrapper.application; includeInIndex = 0; path = CityDector.app; sourceTree = BUILT_PRODUCTS_DIR; };
		A6A33E6826D0DCB400C975B4 /* AppDelegate.swift */ = {isa = PBXFileReference; lastKnownFileType = sourcecode.swift; path = AppDelegate.swift; sourceTree = "<group>"; };
		A6A33E6A26D0DCB400C975B4 /* ContentViewController.swift */ = {isa = PBXFileReference; lastKnownFileType = sourcecode.swift; path = ContentViewController.swift; sourceTree = "<group>"; };
		A6A33E6C26D0DCB900C975B4 /* Assets.xcassets */ = {isa = PBXFileReference; lastKnownFileType = folder.assetcatalog; path = Assets.xcassets; sourceTree = "<group>"; };
		A6A33E6F26D0DCB900C975B4 /* Preview Assets.xcassets */ = {isa = PBXFileReference; lastKnownFileType = folder.assetcatalog; path = "Preview Assets.xcassets"; sourceTree = "<group>"; };
		A6A33E7226D0DCB900C975B4 /* Base */ = {isa = PBXFileReference; lastKnownFileType = file.storyboard; name = Base; path = Base.lproj/Main.storyboard; sourceTree = "<group>"; };
		A6A33E7426D0DCB900C975B4 /* Info.plist */ = {isa = PBXFileReference; lastKnownFileType = text.plist.xml; path = Info.plist; sourceTree = "<group>"; };
		A6A33E7526D0DCB900C975B4 /* CityDector.entitlements */ = {isa = PBXFileReference; lastKnownFileType = text.plist.entitlements; path = CityDector.entitlements; sourceTree = "<group>"; };
		A6E02C6A26D39EC8008F2FA6 /* COUNTY_MOI_1090820.geojson */ = {isa = PBXFileReference; fileEncoding = 4; lastKnownFileType = text; path = COUNTY_MOI_1090820.geojson; sourceTree = "<group>"; };
		B954461E29C3132A000E647A /* Country.swift */ = {isa = PBXFileReference; lastKnownFileType = sourcecode.swift; path = Country.swift; sourceTree = "<group>"; };
/* End PBXFileReference section */

/* Begin PBXFrameworksBuildPhase section */
		A648085826D7317B00775EFF /* Frameworks */ = {
			isa = PBXFrameworksBuildPhase;
			buildActionMask = 2147483647;
			files = (
			);
			runOnlyForDeploymentPostprocessing = 0;
		};
		A6A33E6226D0DCB400C975B4 /* Frameworks */ = {
			isa = PBXFrameworksBuildPhase;
			buildActionMask = 2147483647;
			files = (
			);
			runOnlyForDeploymentPostprocessing = 0;
		};
/* End PBXFrameworksBuildPhase section */

/* Begin PBXGroup section */
		A62009EB26D6374900B6662C /* extension */ = {
			isa = PBXGroup;
			children = (
				A62009EC26D6376000B6662C /* MKMapRect+.swift */,
				A62009EF26D6377C00B6662C /* MKMapPoint+.swift */,
				A62009F226D6379500B6662C /* MKOverlay+.swift */,
				A62009F526D637B100B6662C /* CLLocationCoordinate2D+.swift */,
			);
			path = extension;
			sourceTree = "<group>";
		};
		A648085C26D7317B00775EFF /* CityDectorTests */ = {
			isa = PBXGroup;
			children = (
				A648085D26D7317B00775EFF /* CityDectorTests.swift */,
				A648085F26D7317B00775EFF /* Info.plist */,
			);
			path = CityDectorTests;
			sourceTree = "<group>";
		};
		A6A33E5C26D0DCB400C975B4 = {
			isa = PBXGroup;
			children = (
				A62009F826D6395900B6662C /* README.md */,
				A6A33E6726D0DCB400C975B4 /* CityDector */,
				A648085C26D7317B00775EFF /* CityDectorTests */,
				A6A33E6626D0DCB400C975B4 /* Products */,
			);
			sourceTree = "<group>";
		};
		A6A33E6626D0DCB400C975B4 /* Products */ = {
			isa = PBXGroup;
			children = (
				A6A33E6526D0DCB400C975B4 /* CityDector.app */,
				A648085B26D7317B00775EFF /* CityDectorTests.xctest */,
			);
			name = Products;
			sourceTree = "<group>";
		};
		A6A33E6726D0DCB400C975B4 /* CityDector */ = {
			isa = PBXGroup;
			children = (
				A62009EB26D6374900B6662C /* extension */,
				A6E02C6A26D39EC8008F2FA6 /* COUNTY_MOI_1090820.geojson */,
				A6A33E6826D0DCB400C975B4 /* AppDelegate.swift */,
				A6A33E6A26D0DCB400C975B4 /* ContentViewController.swift */,
				B954461E29C3132A000E647A /* Country.swift */,
				A6A33E6C26D0DCB900C975B4 /* Assets.xcassets */,
				A6A33E7126D0DCB900C975B4 /* Main.storyboard */,
				A6A33E7426D0DCB900C975B4 /* Info.plist */,
				A6A33E7526D0DCB900C975B4 /* CityDector.entitlements */,
				A6A33E6E26D0DCB900C975B4 /* Preview Content */,
			);
			path = CityDector;
			sourceTree = "<group>";
		};
		A6A33E6E26D0DCB900C975B4 /* Preview Content */ = {
			isa = PBXGroup;
			children = (
				A6A33E6F26D0DCB900C975B4 /* Preview Assets.xcassets */,
			);
			path = "Preview Content";
			sourceTree = "<group>";
		};
/* End PBXGroup section */

/* Begin PBXNativeTarget section */
		A648085A26D7317B00775EFF /* CityDectorTests */ = {
			isa = PBXNativeTarget;
			buildConfigurationList = A648086226D7317B00775EFF /* Build configuration list for PBXNativeTarget "CityDectorTests" */;
			buildPhases = (
				A648085726D7317B00775EFF /* Sources */,
				A648085826D7317B00775EFF /* Frameworks */,
				A648085926D7317B00775EFF /* Resources */,
			);
			buildRules = (
			);
			dependencies = (
				A648086126D7317B00775EFF /* PBXTargetDependency */,
			);
			name = CityDectorTests;
			productName = CityDectorTests;
			productReference = A648085B26D7317B00775EFF /* CityDectorTests.xctest */;
			productType = "com.apple.product-type.bundle.unit-test";
		};
		A6A33E6426D0DCB400C975B4 /* CityDector */ = {
			isa = PBXNativeTarget;
			buildConfigurationList = A6A33E7826D0DCB900C975B4 /* Build configuration list for PBXNativeTarget "CityDector" */;
			buildPhases = (
				A6A33E6126D0DCB400C975B4 /* Sources */,
				A6A33E6226D0DCB400C975B4 /* Frameworks */,
				A6A33E6326D0DCB400C975B4 /* Resources */,
			);
			buildRules = (
			);
			dependencies = (
			);
			name = CityDector;
			productName = CityDector;
			productReference = A6A33E6526D0DCB400C975B4 /* CityDector.app */;
			productType = "com.apple.product-type.application";
		};
/* End PBXNativeTarget section */

/* Begin PBXProject section */
		A6A33E5D26D0DCB400C975B4 /* Project object */ = {
			isa = PBXProject;
			attributes = {
				LastSwiftUpdateCheck = 1240;
				LastUpgradeCheck = 1240;
				TargetAttributes = {
					A648085A26D7317B00775EFF = {
						CreatedOnToolsVersion = 12.4;
						TestTargetID = A6A33E6426D0DCB400C975B4;
					};
					A6A33E6426D0DCB400C975B4 = {
						CreatedOnToolsVersion = 12.4;
					};
				};
			};
			buildConfigurationList = A6A33E6026D0DCB400C975B4 /* Build configuration list for PBXProject "CityDector" */;
			compatibilityVersion = "Xcode 9.3";
			developmentRegion = en;
			hasScannedForEncodings = 0;
			knownRegions = (
				en,
				Base,
			);
			mainGroup = A6A33E5C26D0DCB400C975B4;
			productRefGroup = A6A33E6626D0DCB400C975B4 /* Products */;
			projectDirPath = "";
			projectRoot = "";
			targets = (
				A6A33E6426D0DCB400C975B4 /* CityDector */,
				A648085A26D7317B00775EFF /* CityDectorTests */,
			);
		};
/* End PBXProject section */

/* Begin PBXResourcesBuildPhase section */
		A648085926D7317B00775EFF /* Resources */ = {
			isa = PBXResourcesBuildPhase;
			buildActionMask = 2147483647;
			files = (
			);
			runOnlyForDeploymentPostprocessing = 0;
		};
		A6A33E6326D0DCB400C975B4 /* Resources */ = {
			isa = PBXResourcesBuildPhase;
			buildActionMask = 2147483647;
			files = (
				A6E02C6B26D39EC9008F2FA6 /* COUNTY_MOI_1090820.geojson in Resources */,
				A6A33E7326D0DCB900C975B4 /* Main.storyboard in Resources */,
				A6A33E7026D0DCB900C975B4 /* Preview Assets.xcassets in Resources */,
				A6A33E6D26D0DCB900C975B4 /* Assets.xcassets in Resources */,
			);
			runOnlyForDeploymentPostprocessing = 0;
		};
/* End PBXResourcesBuildPhase section */

/* Begin PBXSourcesBuildPhase section */
		A648085726D7317B00775EFF /* Sources */ = {
			isa = PBXSourcesBuildPhase;
			buildActionMask = 2147483647;
			files = (
				A648085E26D7317B00775EFF /* CityDectorTests.swift in Sources */,
			);
			runOnlyForDeploymentPostprocessing = 0;
		};
		A6A33E6126D0DCB400C975B4 /* Sources */ = {
			isa = PBXSourcesBuildPhase;
			buildActionMask = 2147483647;
			files = (
				B954461F29C3132A000E647A /* Country.swift in Sources */,
				A6A33E6B26D0DCB400C975B4 /* ContentViewController.swift in Sources */,
				A62009F326D6379500B6662C /* MKOverlay+.swift in Sources */,
				A62009ED26D6376000B6662C /* MKMapRect+.swift in Sources */,
				A62009F626D637B100B6662C /* CLLocationCoordinate2D+.swift in Sources */,
				A62009F026D6377C00B6662C /* MKMapPoint+.swift in Sources */,
				A6A33E6926D0DCB400C975B4 /* AppDelegate.swift in Sources */,
			);
			runOnlyForDeploymentPostprocessing = 0;
		};
/* End PBXSourcesBuildPhase section */

/* Begin PBXTargetDependency section */
		A648086126D7317B00775EFF /* PBXTargetDependency */ = {
			isa = PBXTargetDependency;
			target = A6A33E6426D0DCB400C975B4 /* CityDector */;
			targetProxy = A648086026D7317B00775EFF /* PBXContainerItemProxy */;
		};
/* End PBXTargetDependency section */

/* Begin PBXVariantGroup section */
		A6A33E7126D0DCB900C975B4 /* Main.storyboard */ = {
			isa = PBXVariantGroup;
			children = (
				A6A33E7226D0DCB900C975B4 /* Base */,
			);
			name = Main.storyboard;
			sourceTree = "<group>";
		};
/* End PBXVariantGroup section */

/* Begin XCBuildConfiguration section */
		A648086326D7317B00775EFF /* Debug */ = {
			isa = XCBuildConfiguration;
			buildSettings = {
				BUNDLE_LOADER = "$(TEST_HOST)";
				CODE_SIGN_STYLE = Automatic;
				COMBINE_HIDPI_IMAGES = YES;
				DEVELOPMENT_TEAM = ZRU74Q6CGE;
				INFOPLIST_FILE = CityDectorTests/Info.plist;
				LD_RUNPATH_SEARCH_PATHS = (
					"$(inherited)",
					"@executable_path/../Frameworks",
					"@loader_path/../Frameworks",
				);
				PRODUCT_BUNDLE_IDENTIFIER = com.github.yycking.CityDectorTests;
				PRODUCT_NAME = "$(TARGET_NAME)";
				SWIFT_VERSION = 5.0;
				TEST_HOST = "$(BUILT_PRODUCTS_DIR)/CityDector.app/Contents/MacOS/CityDector";
			};
			name = Debug;
		};
		A648086426D7317B00775EFF /* Release */ = {
			isa = XCBuildConfiguration;
			buildSettings = {
				BUNDLE_LOADER = "$(TEST_HOST)";
				CODE_SIGN_STYLE = Automatic;
				COMBINE_HIDPI_IMAGES = YES;
				DEVELOPMENT_TEAM = ZRU74Q6CGE;
				INFOPLIST_FILE = CityDectorTests/Info.plist;
				LD_RUNPATH_SEARCH_PATHS = (
					"$(inherited)",
					"@executable_path/../Frameworks",
					"@loader_path/../Frameworks",
				);
				PRODUCT_BUNDLE_IDENTIFIER = com.github.yycking.CityDectorTests;
				PRODUCT_NAME = "$(TARGET_NAME)";
				SWIFT_VERSION = 5.0;
				TEST_HOST = "$(BUILT_PRODUCTS_DIR)/CityDector.app/Contents/MacOS/CityDector";
			};
			name = Release;
		};
		A6A33E7626D0DCB900C975B4 /* Debug */ = {
			isa = XCBuildConfiguration;
			buildSettings = {
				ALWAYS_SEARCH_USER_PATHS = NO;
				CLANG_ANALYZER_NONNULL = YES;
				CLANG_ANALYZER_NUMBER_OBJECT_CONVERSION = YES_AGGRESSIVE;
				CLANG_CXX_LANGUAGE_STANDARD = "gnu++14";
				CLANG_CXX_LIBRARY = "libc++";
				CLANG_ENABLE_MODULES = YES;
				CLANG_ENABLE_OBJC_ARC = YES;
				CLANG_ENABLE_OBJC_WEAK = YES;
				CLANG_WARN_BLOCK_CAPTURE_AUTORELEASING = YES;
				CLANG_WARN_BOOL_CONVERSION = YES;
				CLANG_WARN_COMMA = YES;
				CLANG_WARN_CONSTANT_CONVERSION = YES;
				CLANG_WARN_DEPRECATED_OBJC_IMPLEMENTATIONS = YES;
				CLANG_WARN_DIRECT_OBJC_ISA_USAGE = YES_ERROR;
				CLANG_WARN_DOCUMENTATION_COMMENTS = YES;
				CLANG_WARN_EMPTY_BODY = YES;
				CLANG_WARN_ENUM_CONVERSION = YES;
				CLANG_WARN_INFINITE_RECURSION = YES;
				CLANG_WARN_INT_CONVERSION = YES;
				CLANG_WARN_NON_LITERAL_NULL_CONVERSION = YES;
				CLANG_WARN_OBJC_IMPLICIT_RETAIN_SELF = YES;
				CLANG_WARN_OBJC_LITERAL_CONVERSION = YES;
				CLANG_WARN_OBJC_ROOT_CLASS = YES_ERROR;
				CLANG_WARN_QUOTED_INCLUDE_IN_FRAMEWORK_HEADER = YES;
				CLANG_WARN_RANGE_LOOP_ANALYSIS = YES;
				CLANG_WARN_STRICT_PROTOTYPES = YES;
				CLANG_WARN_SUSPICIOUS_MOVE = YES;
				CLANG_WARN_UNGUARDED_AVAILABILITY = YES_AGGRESSIVE;
				CLANG_WARN_UNREACHABLE_CODE = YES;
				CLANG_WARN__DUPLICATE_METHOD_MATCH = YES;
				COPY_PHASE_STRIP = NO;
				DEBUG_INFORMATION_FORMAT = dwarf;
				ENABLE_STRICT_OBJC_MSGSEND = YES;
				ENABLE_TESTABILITY = YES;
				GCC_C_LANGUAGE_STANDARD = gnu11;
				GCC_DYNAMIC_NO_PIC = NO;
				GCC_NO_COMMON_BLOCKS = YES;
				GCC_OPTIMIZATION_LEVEL = 0;
				GCC_PREPROCESSOR_DEFINITIONS = (
					"DEBUG=1",
					"$(inherited)",
				);
				GCC_WARN_64_TO_32_BIT_CONVERSION = YES;
				GCC_WARN_ABOUT_RETURN_TYPE = YES_ERROR;
				GCC_WARN_UNDECLARED_SELECTOR = YES;
				GCC_WARN_UNINITIALIZED_AUTOS = YES_AGGRESSIVE;
				GCC_WARN_UNUSED_FUNCTION = YES;
				GCC_WARN_UNUSED_VARIABLE = YES;
				MACOSX_DEPLOYMENT_TARGET = 10.15;
				MTL_ENABLE_DEBUG_INFO = INCLUDE_SOURCE;
				MTL_FAST_MATH = YES;
				ONLY_ACTIVE_ARCH = YES;
				SDKROOT = macosx;
				SWIFT_ACTIVE_COMPILATION_CONDITIONS = DEBUG;
				SWIFT_OPTIMIZATION_LEVEL = "-Onone";
			};
			name = Debug;
		};
		A6A33E7726D0DCB900C975B4 /* Release */ = {
			isa = XCBuildConfiguration;
			buildSettings = {
				ALWAYS_SEARCH_USER_PATHS = NO;
				CLANG_ANALYZER_NONNULL = YES;
				CLANG_ANALYZER_NUMBER_OBJECT_CONVERSION = YES_AGGRESSIVE;
				CLANG_CXX_LANGUAGE_STANDARD = "gnu++14";
				CLANG_CXX_LIBRARY = "libc++";
				CLANG_ENABLE_MODULES = YES;
				CLANG_ENABLE_OBJC_ARC = YES;
				CLANG_ENABLE_OBJC_WEAK = YES;
				CLANG_WARN_BLOCK_CAPTURE_AUTORELEASING = YES;
				CLANG_WARN_BOOL_CONVERSION = YES;
				CLANG_WARN_COMMA = YES;
				CLANG_WARN_CONSTANT_CONVERSION = YES;
				CLANG_WARN_DEPRECATED_OBJC_IMPLEMENTATIONS = YES;
				CLANG_WARN_DIRECT_OBJC_ISA_USAGE = YES_ERROR;
				CLANG_WARN_DOCUMENTATION_COMMENTS = YES;
				CLANG_WARN_EMPTY_BODY = YES;
				CLANG_WARN_ENUM_CONVERSION = YES;
				CLANG_WARN_INFINITE_RECURSION = YES;
				CLANG_WARN_INT_CONVERSION = YES;
				CLANG_WARN_NON_LITERAL_NULL_CONVERSION = YES;
				CLANG_WARN_OBJC_IMPLICIT_RETAIN_SELF = YES;
				CLANG_WARN_OBJC_LITERAL_CONVERSION = YES;
				CLANG_WARN_OBJC_ROOT_CLASS = YES_ERROR;
				CLANG_WARN_QUOTED_INCLUDE_IN_FRAMEWORK_HEADER = YES;
				CLANG_WARN_RANGE_LOOP_ANALYSIS = YES;
				CLANG_WARN_STRICT_PROTOTYPES = YES;
				CLANG_WARN_SUSPICIOUS_MOVE = YES;
				CLANG_WARN_UNGUARDED_AVAILABILITY = YES_AGGRESSIVE;
				CLANG_WARN_UNREACHABLE_CODE = YES;
				CLANG_WARN__DUPLICATE_METHOD_MATCH = YES;
				COPY_PHASE_STRIP = NO;
				DEBUG_INFORMATION_FORMAT = "dwarf-with-dsym";
				ENABLE_NS_ASSERTIONS = NO;
				ENABLE_STRICT_OBJC_MSGSEND = YES;
				GCC_C_LANGUAGE_STANDARD = gnu11;
				GCC_NO_COMMON_BLOCKS = YES;
				GCC_WARN_64_TO_32_BIT_CONVERSION = YES;
				GCC_WARN_ABOUT_RETURN_TYPE = YES_ERROR;
				GCC_WARN_UNDECLARED_SELECTOR = YES;
				GCC_WARN_UNINITIALIZED_AUTOS = YES_AGGRESSIVE;
				GCC_WARN_UNUSED_FUNCTION = YES;
				GCC_WARN_UNUSED_VARIABLE = YES;
				MACOSX_DEPLOYMENT_TARGET = 10.15;
				MTL_ENABLE_DEBUG_INFO = NO;
				MTL_FAST_MATH = YES;
				SDKROOT = macosx;
				SWIFT_COMPILATION_MODE = wholemodule;
				SWIFT_OPTIMIZATION_LEVEL = "-O";
			};
			name = Release;
		};
		A6A33E7926D0DCB900C975B4 /* Debug */ = {
			isa = XCBuildConfiguration;
			buildSettings = {
				ASSETCATALOG_COMPILER_APPICON_NAME = AppIcon;
				ASSETCATALOG_COMPILER_GLOBAL_ACCENT_COLOR_NAME = AccentColor;
				CODE_SIGN_ENTITLEMENTS = CityDector/CityDector.entitlements;
				CODE_SIGN_STYLE = Automatic;
				COMBINE_HIDPI_IMAGES = YES;
				DEVELOPMENT_ASSET_PATHS = "\"CityDector/Preview Content\"";
				DEVELOPMENT_TEAM = ZRU74Q6CGE;
				ENABLE_HARDENED_RUNTIME = YES;
				ENABLE_PREVIEWS = YES;
				INFOPLIST_FILE = CityDector/Info.plist;
				LD_RUNPATH_SEARCH_PATHS = (
					"$(inherited)",
					"@executable_path/../Frameworks",
				);
				MACOSX_DEPLOYMENT_TARGET = 10.15;
				PRODUCT_BUNDLE_IDENTIFIER = com.github.yycking.CityDector;
				PRODUCT_NAME = "$(TARGET_NAME)";
				SWIFT_VERSION = 5.0;
			};
			name = Debug;
		};
		A6A33E7A26D0DCB900C975B4 /* Release */ = {
			isa = XCBuildConfiguration;
			buildSettings = {
				ASSETCATALOG_COMPILER_APPICON_NAME = AppIcon;
				ASSETCATALOG_COMPILER_GLOBAL_ACCENT_COLOR_NAME = AccentColor;
				CODE_SIGN_ENTITLEMENTS = CityDector/CityDector.entitlements;
				CODE_SIGN_STYLE = Automatic;
				COMBINE_HIDPI_IMAGES = YES;
				DEVELOPMENT_ASSET_PATHS = "\"CityDector/Preview Content\"";
				DEVELOPMENT_TEAM = ZRU74Q6CGE;
				ENABLE_HARDENED_RUNTIME = YES;
				ENABLE_PREVIEWS = YES;
				INFOPLIST_FILE = CityDector/Info.plist;
				LD_RUNPATH_SEARCH_PATHS = (
					"$(inherited)",
					"@executable_path/../Frameworks",
				);
				MACOSX_DEPLOYMENT_TARGET = 10.15;
				PRODUCT_BUNDLE_IDENTIFIER = com.github.yycking.CityDector;
				PRODUCT_NAME = "$(TARGET_NAME)";
				SWIFT_VERSION = 5.0;
			};
			name = Release;
		};
/* End XCBuildConfiguration section */

/* Begin XCConfigurationList section */
		A648086226D7317B00775EFF /* Build configuration list for PBXNativeTarget "CityDectorTests" */ = {
			isa = XCConfigurationList;
			buildConfigurations = (
				A648086326D7317B00775EFF /* Debug */,
				A648086426D7317B00775EFF /* Release */,
			);
			defaultConfigurationIsVisible = 0;
			defaultConfigurationName = Release;
		};
		A6A33E6026D0DCB400C975B4 /* Build configuration list for PBXProject "CityDector" */ = {
			isa = XCConfigurationList;
			buildConfigurations = (
				A6A33E7626D0DCB900C975B4 /* Debug */,
				A6A33E7726D0DCB900C975B4 /* Release */,
			);
			defaultConfigurationIsVisible = 0;
			defaultConfigurationName = Release;
		};
		A6A33E7826D0DCB900C975B4 /* Build configuration list for PBXNativeTarget "CityDector" */ = {
			isa = XCConfigurationList;
			buildConfigurations = (
				A6A33E7926D0DCB900C975B4 /* Debug */,
				A6A33E7A26D0DCB900C975B4 /* Release */,
			);
			defaultConfigurationIsVisible = 0;
			defaultConfigurationName = Release;
		};
/* End XCConfigurationList section */
	};
	rootObject = A6A33E5D26D0DCB400C975B4 /* Project object */;
}
